
Microsoft Visual Studio Solution File, Format Version 12.00
# Visual Studio Version 17
VisualStudioVersion = 17.2.32519.379
MinimumVisualStudioVersion = 10.0.40219.1
Project("{9A19103F-16F7-4668-BE54-9A1E7A4F7556}") = "EQLogParser", "EQLogParser\EQLogParser.csproj", "{7573C49A-27F2-4053-8E6C-B7687DD9CBDE}"
	ProjectSection(ProjectDependencies) = postProject
		{B645DD39-247C-47B3-BAFA-408F679A04AA} = {B645DD39-247C-47B3-BAFA-408F679A04AA}
	EndProjectSection
EndProject
Project("{930C7802-8A8C-48F9-8165-68863BCCD9DD}") = "EQLogParserInstall", "EQLogParserInstall\EQLogParserInstall.wixproj", "{EE95A06F-2F3C-4C45-9B7C-853320A1F2C8}"
	ProjectSection(ProjectDependencies) = postProject
		{6B52A5C6-4231-4169-AC36-2848AB591BFD} = {6B52A5C6-4231-4169-AC36-2848AB591BFD}
		{B645DD39-247C-47B3-BAFA-408F679A04AA} = {B645DD39-247C-47B3-BAFA-408F679A04AA}
	EndProjectSection
EndProject
Project("{2150E333-8FDC-42A3-9474-1A3956D46DE8}") = "Solution Items", "Solution Items", "{03C52F88-D21A-4CFC-BC77-8CD23312D536}"
	ProjectSection(SolutionItems) = preProject
		.editorconfig = .editorconfig
	EndProjectSection
EndProject
Project("{9A19103F-16F7-4668-BE54-9A1E7A4F7556}") = "WixCustom", "WixCustom\WixCustom.csproj", "{6B52A5C6-4231-4169-AC36-2848AB591BFD}"
EndProject
Project("{9A19103F-16F7-4668-BE54-9A1E7A4F7556}") = "Syncfusion.Themes.MaterialDarkCustom.WPF", "MaterialDarkCustom\Syncfusion.Themes.MaterialDarkCustom.WPF.csproj", "{69DD1083-3143-4CE1-95F8-8C5491B849CA}"
EndProject
Project("{9A19103F-16F7-4668-BE54-9A1E7A4F7556}") = "EQLogParserTest", "EQLogParserTest\EQLogParserTest.csproj", "{66098053-1304-4A12-8F16-3AC568A4EC11}"
EndProject
Project("{FAE04EC0-301F-11D3-BF4B-00C04F79EFBC}") = "EQLogManager", "EQLogManager\EQLogManager.csproj", "{B645DD39-247C-47B3-BAFA-408F679A04AA}"
EndProject
Global
	GlobalSection(SolutionConfigurationPlatforms) = preSolution
		Debug|Any CPU = Debug|Any CPU
		Debug|ARM64 = Debug|ARM64
		Debug|x64 = Debug|x64
		Debug|x86 = Debug|x86
		Release|Any CPU = Release|Any CPU
		Release|ARM64 = Release|ARM64
		Release|x64 = Release|x64
		Release|x86 = Release|x86
	EndGlobalSection
	GlobalSection(ProjectConfigurationPlatforms) = postSolution
		{7573C49A-27F2-4053-8E6C-B7687DD9CBDE}.Debug|Any CPU.ActiveCfg = Debug|Any CPU
		{7573C49A-27F2-4053-8E6C-B7687DD9CBDE}.Debug|Any CPU.Build.0 = Debug|Any CPU
		{7573C49A-27F2-4053-8E6C-B7687DD9CBDE}.Debug|ARM64.ActiveCfg = Debug|Any CPU
		{7573C49A-27F2-4053-8E6C-B7687DD9CBDE}.Debug|ARM64.Build.0 = Debug|Any CPU
		{7573C49A-27F2-4053-8E6C-B7687DD9CBDE}.Debug|x64.ActiveCfg = Debug|Any CPU
		{7573C49A-27F2-4053-8E6C-B7687DD9CBDE}.Debug|x64.Build.0 = Debug|Any CPU
		{7573C49A-27F2-4053-8E6C-B7687DD9CBDE}.Debug|x86.ActiveCfg = Debug|x86
		{7573C49A-27F2-4053-8E6C-B7687DD9CBDE}.Debug|x86.Build.0 = Debug|x86
		{7573C49A-27F2-4053-8E6C-B7687DD9CBDE}.Release|Any CPU.ActiveCfg = Release|Any CPU
		{7573C49A-27F2-4053-8E6C-B7687DD9CBDE}.Release|Any CPU.Build.0 = Release|Any CPU
		{7573C49A-27F2-4053-8E6C-B7687DD9CBDE}.Release|ARM64.ActiveCfg = Release|Any CPU
		{7573C49A-27F2-4053-8E6C-B7687DD9CBDE}.Release|ARM64.Build.0 = Release|Any CPU
		{7573C49A-27F2-4053-8E6C-B7687DD9CBDE}.Release|x64.ActiveCfg = Release|Any CPU
		{7573C49A-27F2-4053-8E6C-B7687DD9CBDE}.Release|x64.Build.0 = Release|Any CPU
		{7573C49A-27F2-4053-8E6C-B7687DD9CBDE}.Release|x86.ActiveCfg = Release|x86
		{7573C49A-27F2-4053-8E6C-B7687DD9CBDE}.Release|x86.Build.0 = Release|x86
		{EE95A06F-2F3C-4C45-9B7C-853320A1F2C8}.Debug|Any CPU.ActiveCfg = Debug|x86
		{EE95A06F-2F3C-4C45-9B7C-853320A1F2C8}.Debug|ARM64.ActiveCfg = Debug|ARM64
		{EE95A06F-2F3C-4C45-9B7C-853320A1F2C8}.Debug|ARM64.Build.0 = Debug|ARM64
		{EE95A06F-2F3C-4C45-9B7C-853320A1F2C8}.Debug|x64.ActiveCfg = Debug|x86
		{EE95A06F-2F3C-4C45-9B7C-853320A1F2C8}.Debug|x86.ActiveCfg = Debug|x86
		{EE95A06F-2F3C-4C45-9B7C-853320A1F2C8}.Debug|x86.Build.0 = Debug|x86
		{EE95A06F-2F3C-4C45-9B7C-853320A1F2C8}.Release|Any CPU.ActiveCfg = Release|x86
		{EE95A06F-2F3C-4C45-9B7C-853320A1F2C8}.Release|ARM64.ActiveCfg = Release|ARM64
		{EE95A06F-2F3C-4C45-9B7C-853320A1F2C8}.Release|ARM64.Build.0 = Release|ARM64
		{EE95A06F-2F3C-4C45-9B7C-853320A1F2C8}.Release|x64.ActiveCfg = Release|x64
		{EE95A06F-2F3C-4C45-9B7C-853320A1F2C8}.Release|x86.ActiveCfg = Release|x86
		{EE95A06F-2F3C-4C45-9B7C-853320A1F2C8}.Release|x86.Build.0 = Release|x86
		{6B52A5C6-4231-4169-AC36-2848AB591BFD}.Debug|Any CPU.ActiveCfg = Debug|Any CPU
		{6B52A5C6-4231-4169-AC36-2848AB591BFD}.Debug|Any CPU.Build.0 = Debug|Any CPU
		{6B52A5C6-4231-4169-AC36-2848AB591BFD}.Debug|ARM64.ActiveCfg = Debug|Any CPU
		{6B52A5C6-4231-4169-AC36-2848AB591BFD}.Debug|ARM64.Build.0 = Debug|Any CPU
		{6B52A5C6-4231-4169-AC36-2848AB591BFD}.Debug|x64.ActiveCfg = Debug|Any CPU
		{6B52A5C6-4231-4169-AC36-2848AB591BFD}.Debug|x64.Build.0 = Debug|Any CPU
		{6B52A5C6-4231-4169-AC36-2848AB591BFD}.Debug|x86.ActiveCfg = Debug|Any CPU
		{6B52A5C6-4231-4169-AC36-2848AB591BFD}.Debug|x86.Build.0 = Debug|Any CPU
		{6B52A5C6-4231-4169-AC36-2848AB591BFD}.Release|Any CPU.ActiveCfg = Release|Any CPU
		{6B52A5C6-4231-4169-AC36-2848AB591BFD}.Release|Any CPU.Build.0 = Release|Any CPU
		{6B52A5C6-4231-4169-AC36-2848AB591BFD}.Release|ARM64.ActiveCfg = Release|Any CPU
		{6B52A5C6-4231-4169-AC36-2848AB591BFD}.Release|ARM64.Build.0 = Release|Any CPU
		{6B52A5C6-4231-4169-AC36-2848AB591BFD}.Release|x64.ActiveCfg = Release|x64
		{6B52A5C6-4231-4169-AC36-2848AB591BFD}.Release|x64.Build.0 = Release|x64
		{6B52A5C6-4231-4169-AC36-2848AB591BFD}.Release|x86.ActiveCfg = Release|Any CPU
		{6B52A5C6-4231-4169-AC36-2848AB591BFD}.Release|x86.Build.0 = Release|Any CPU
		{69DD1083-3143-4CE1-95F8-8C5491B849CA}.Debug|Any CPU.ActiveCfg = Debug|Any CPU
		{69DD1083-3143-4CE1-95F8-8C5491B849CA}.Debug|Any CPU.Build.0 = Debug|Any CPU
		{69DD1083-3143-4CE1-95F8-8C5491B849CA}.Debug|ARM64.ActiveCfg = Debug|Any CPU
		{69DD1083-3143-4CE1-95F8-8C5491B849CA}.Debug|ARM64.Build.0 = Debug|Any CPU
		{69DD1083-3143-4CE1-95F8-8C5491B849CA}.Debug|x64.ActiveCfg = Debug|Any CPU
		{69DD1083-3143-4CE1-95F8-8C5491B849CA}.Debug|x64.Build.0 = Debug|Any CPU
		{69DD1083-3143-4CE1-95F8-8C5491B849CA}.Debug|x86.ActiveCfg = Debug|Any CPU
		{69DD1083-3143-4CE1-95F8-8C5491B849CA}.Debug|x86.Build.0 = Debug|Any CPU
		{69DD1083-3143-4CE1-95F8-8C5491B849CA}.Release|Any CPU.ActiveCfg = Release|Any CPU
		{69DD1083-3143-4CE1-95F8-8C5491B849CA}.Release|Any CPU.Build.0 = Release|Any CPU
		{69DD1083-3143-4CE1-95F8-8C5491B849CA}.Release|ARM64.ActiveCfg = Release|Any CPU
		{69DD1083-3143-4CE1-95F8-8C5491B849CA}.Release|ARM64.Build.0 = Release|Any CPU
		{69DD1083-3143-4CE1-95F8-8C5491B849CA}.Release|x64.ActiveCfg = Release|Any CPU
		{69DD1083-3143-4CE1-95F8-8C5491B849CA}.Release|x64.Build.0 = Release|Any CPU
		{69DD1083-3143-4CE1-95F8-8C5491B849CA}.Release|x86.ActiveCfg = Release|Any CPU
		{69DD1083-3143-4CE1-95F8-8C5491B849CA}.Release|x86.Build.0 = Release|Any CPU
		{66098053-1304-4A12-8F16-3AC568A4EC11}.Debug|Any CPU.ActiveCfg = Debug|Any CPU
		{66098053-1304-4A12-8F16-3AC568A4EC11}.Debug|Any CPU.Build.0 = Debug|Any CPU
		{66098053-1304-4A12-8F16-3AC568A4EC11}.Debug|ARM64.ActiveCfg = Debug|Any CPU
		{66098053-1304-4A12-8F16-3AC568A4EC11}.Debug|ARM64.Build.0 = Debug|Any CPU
		{66098053-1304-4A12-8F16-3AC568A4EC11}.Debug|x64.ActiveCfg = Debug|Any CPU
		{66098053-1304-4A12-8F16-3AC568A4EC11}.Debug|x64.Build.0 = Debug|Any CPU
		{66098053-1304-4A12-8F16-3AC568A4EC11}.Debug|x86.ActiveCfg = Debug|Any CPU
		{66098053-1304-4A12-8F16-3AC568A4EC11}.Debug|x86.Build.0 = Debug|Any CPU
		{66098053-1304-4A12-8F16-3AC568A4EC11}.Release|Any CPU.ActiveCfg = Release|Any CPU
		{66098053-1304-4A12-8F16-3AC568A4EC11}.Release|Any CPU.Build.0 = Release|Any CPU
		{66098053-1304-4A12-8F16-3AC568A4EC11}.Release|ARM64.ActiveCfg = Release|Any CPU
		{66098053-1304-4A12-8F16-3AC568A4EC11}.Release|ARM64.Build.0 = Release|Any CPU
		{66098053-1304-4A12-8F16-3AC568A4EC11}.Release|x64.ActiveCfg = Release|x64
		{66098053-1304-4A12-8F16-3AC568A4EC11}.Release|x64.Build.0 = Release|x64
		{66098053-1304-4A12-8F16-3AC568A4EC11}.Release|x86.ActiveCfg = Release|Any CPU
		{66098053-1304-4A12-8F16-3AC568A4EC11}.Release|x86.Build.0 = Release|Any CPU
		{B645DD39-247C-47B3-BAFA-408F679A04AA}.Debug|Any CPU.ActiveCfg = Debug|Any CPU
		{B645DD39-247C-47B3-BAFA-408F679A04AA}.Debug|Any CPU.Build.0 = Debug|Any CPU
		{B645DD39-247C-47B3-BAFA-408F679A04AA}.Debug|ARM64.ActiveCfg = Debug|Any CPU
		{B645DD39-247C-47B3-BAFA-408F679A04AA}.Debug|ARM64.Build.0 = Debug|Any CPU
		{B645DD39-247C-47B3-BAFA-408F679A04AA}.Debug|x64.ActiveCfg = Debug|Any CPU
		{B645DD39-247C-47B3-BAFA-408F679A04AA}.Debug|x64.Build.0 = Debug|Any CPU
		{B645DD39-247C-47B3-BAFA-408F679A04AA}.Debug|x86.ActiveCfg = Debug|Any CPU
		{B645DD39-247C-47B3-BAFA-408F679A04AA}.Debug|x86.Build.0 = Debug|Any CPU
		{B645DD39-247C-47B3-BAFA-408F679A04AA}.Release|Any CPU.ActiveCfg = Release|Any CPU
		{B645DD39-247C-47B3-BAFA-408F679A04AA}.Release|Any CPU.Build.0 = Release|Any CPU
		{B645DD39-247C-47B3-BAFA-408F679A04AA}.Release|ARM64.ActiveCfg = Release|Any CPU
		{B645DD39-247C-47B3-BAFA-408F679A04AA}.Release|ARM64.Build.0 = Release|Any CPU
		{B645DD39-247C-47B3-BAFA-408F679A04AA}.Release|x64.ActiveCfg = Release|Any CPU
		{B645DD39-247C-47B3-BAFA-408F679A04AA}.Release|x64.Build.0 = Release|Any CPU
		{B645DD39-247C-47B3-BAFA-408F679A04AA}.Release|x86.ActiveCfg = Release|Any CPU
		{B645DD39-247C-47B3-BAFA-408F679A04AA}.Release|x86.Build.0 = Release|Any CPU
	EndGlobalSection
	GlobalSection(SolutionProperties) = preSolution
		HideSolutionNode = FALSE
	EndGlobalSection
	GlobalSection(ExtensibilityGlobals) = postSolution
		SolutionGuid = {C087B873-7781-4618-90E8-A56AA48E5152}
	EndGlobalSection
EndGlobal
