Microsoft Visual Studio Solution File, Format Version 12.00
# Visual Studio Version 17
VisualStudioVersion = 17.5.2.0
MinimumVisualStudioVersion = 10.0.40219.1
Project("{FAE04EC0-301F-11D3-BF4B-00C04F79EFBC}") = "EQLogParser", "EQLogParser.csproj", "{877A4E59-074A-96D2-D5C7-EA2CCD40192C}"
EndProject
Global
	GlobalSection(SolutionConfigurationPlatforms) = preSolution
		Debug|Any CPU = Debug|Any CPU
		Release|Any CPU = Release|Any CPU
	EndGlobalSection
	GlobalSection(ProjectConfigurationPlatforms) = postSolution
		{877A4E59-074A-96D2-D5C7-EA2CCD40192C}.Debug|Any CPU.ActiveCfg = Debug|Any CPU
		{877A4E59-074A-96D2-D5C7-EA2CCD40192C}.Debug|Any CPU.Build.0 = Debug|Any CPU
		{877A4E59-074A-96D2-D5C7-EA2CCD40192C}.Release|Any CPU.ActiveCfg = Release|Any CPU
		{877A4E59-074A-96D2-D5C7-EA2CCD40192C}.Release|Any CPU.Build.0 = Release|Any CPU
	EndGlobalSection
	GlobalSection(SolutionProperties) = preSolution
		HideSolutionNode = FALSE
	EndGlobalSection
	GlobalSection(ExtensibilityGlobals) = postSolution
		SolutionGuid = {74E5C621-23AF-43BF-ACE3-2860404FE180}
	EndGlobalSection
EndGlobal
